# This file is automatically @generated by Poetry and should not be edited manually.

[[package]]
name = "numpy"
version = "1.26.4"
description = "Fundamental package for array computing in Python"
optional = false
python-versions = ">=3.9"
files = []

[[package]]
name = "scikit-learn"
version = "1.4.1.post1"
description = "A set of python modules for machine learning and data mining"
optional = false
python-versions = ">=3.9"
files = []

[[package]]
name = "torch"
version = "2.2.1"
description = "Tensors and Dynamic neural networks in Python with strong GPU acceleration"
optional = false
python-versions = ">=3.8"
files = []

[metadata]
lock-version = "2.0"
python-versions = "^3.10"
content-hash = "a1b2c3d4e5f60718293a4b5c6d7e8f90"
